PODS:
  - pieces (0.0.1):
    - pieces/core (= 0.0.1)
  - pieces/core (0.0.1):
    - pieces/di
  - pieces/di (0.0.1)

DEPENDENCIES:
  - pieces (from `.`)

EXTERNAL SOURCES:
  pieces:
    :path: "."

SPEC CHECKSUMS:
  pieces: 9571b18d9020934d80253f43e672c629f0d47efb

PODFILE CHECKSUM: a5ae38bc3646088c3c0d2584025778a77ccb5b3f

COCOAPODS: 1.6.0.beta.2
